// !$*UTF8*$!
{
	archiveVersion = 1;
	classes = {
	};
	objectVersion = 46;
	objects = {

/* Begin PBXBuildFile section */
		C38D265E1E1E747500FB6802 /* AppDelegate.m in Sources */ = {isa = PBXBuildFile; fileRef = C38D265D1E1E747500FB6802 /* AppDelegate.m */; };
		C38D26611E1E747500FB6802 /* main.m in Sources */ = {isa = PBXBuildFile; fileRef = C38D26601E1E747500FB6802 /* main.m */; };
		C38D26631E1E747500FB6802 /* Assets.xcassets in Resources */ = {isa = PBXBuildFile; fileRef = C38D26621E1E747500FB6802 /* Assets.xcassets */; };
		C38D26661E1E747500FB6802 /* MainMenu.xib in Resources */ = {isa = PBXBuildFile; fileRef = C38D26641E1E747500FB6802 /* MainMenu.xib */; };
/* End PBXBuildFile section */

/* Begin PBXFileReference section */
		C38D26591E1E747500FB6802 /* fu.app */ = {isa = PBXFileReference; explicitFileType = wrapper.application; includeInIndex = 0; path = fu.app; sourceTree = BUILT_PRODUCTS_DIR; };
		C38D265C1E1E747500FB6802 /* AppDelegate.h */ = {isa = PBXFileReference; lastKnownFileType = sourcecode.c.h; path = AppDelegate.h; sourceTree = "<group>"; };
		C38D265D1E1E747500FB6802 /* AppDelegate.m */ = {isa = PBXFileReference; lastKnownFileType = sourcecode.c.objc; path = AppDelegate.m; sourceTree = "<group>"; };
		C38D26601E1E747500FB6802 /* main.m */ = {isa = PBXFileReference; lastKnownFileType = sourcecode.c.objc; path = main.m; sourceTree = "<group>"; };
		C38D26621E1E747500FB6802 /* Assets.xcassets */ = {isa = PBXFileReference; lastKnownFileType = folder.assetcatalog; path = Assets.xcassets; sourceTree = "<group>"; };
		C38D26651E1E747500FB6802 /* Base */ = {isa = PBXFileReference; lastKnownFileType = file.xib; name = Base; path = Base.lproj/MainMenu.xib; sourceTree = "<group>"; };
		C38D26671E1E747500FB6802 /* Info.plist */ = {isa = PBXFileReference; lastKnownFileType = text.plist.xml; path = Info.plist; sourceTree = "<group>"; };
/* End PBXFileReference section */

/* Begin PBXFrameworksBuildPhase section */
		C38D26561E1E747400FB6802 /* Frameworks */ = {
			isa = PBXFrameworksBuildPhase;
			buildActionMask = 2147483647;
			files = (
			);
			runOnlyForDeploymentPostprocessing = 0;
		};
/* End PBXFrameworksBuildPhase section */

/* Begin PBXGroup section */
		C38D26501E1E747400FB6802 = {
			isa = PBXGroup;
			children = (
				C38D265B1E1E747500FB6802 /* fu */,
				C38D265A1E1E747500FB6802 /* Products */,
			);
			sourceTree = "<group>";
		};
		C38D265A1E1E747500FB6802 /* Products */ = {
			isa = PBXGroup;
			children = (
				C38D26591E1E747500FB6802 /* fu.app */,
			);
			name = Products;
			sourceTree = "<group>";
		};
		C38D265B1E1E747500FB6802 /* fu */ = {
			isa = PBXGroup;
			children = (
				C38D265C1E1E747500FB6802 /* AppDelegate.h */,
				C38D265D1E1E747500FB6802 /* AppDelegate.m */,
				C38D26621E1E747500FB6802 /* Assets.xcassets */,
				C38D26641E1E747500FB6802 /* MainMenu.xib */,
				C38D26671E1E747500FB6802 /* Info.plist */,
				C38D265F1E1E747500FB6802 /* Supporting Files */,
			);
			path = fu;
			sourceTree = "<group>";
		};
		C38D265F1E1E747500FB6802 /* Supporting Files */ = {
			isa = PBXGroup;
			children = (
				C38D26601E1E747500FB6802 /* main.m */,
			);
			name = "Supporting Files";
			sourceTree = "<group>";
		};
/* End PBXGroup section */

/* Begin PBXNativeTarget section */
		C38D26581E1E747400FB6802 /* fu */ = {
			isa = PBXNativeTarget;
			buildConfigurationList = C38D266A1E1E747500FB6802 /* Build configuration list for PBXNativeTarget "fu" */;
			buildPhases = (
				C38D26551E1E747400FB6802 /* Sources */,
				C38D26561E1E747400FB6802 /* Frameworks */,
				C38D26571E1E747400FB6802 /* Resources */,
			);
			buildRules = (
			);
			dependencies = (
			);
			name = fu;
			productName = fu;
			productReference = C38D26591E1E747500FB6802 /* fu.app */;
			productType = "com.apple.product-type.application";
		};
/* End PBXNativeTarget section */

/* Begin PBXProject section */
		C38D26511E1E747400FB6802 /* Project object */ = {
			isa = PBXProject;
			attributes = {
				LastUpgradeCheck = 0820;
				ORGANIZATIONNAME = "Klesh Wong";
				TargetAttributes = {
					C38D26581E1E747400FB6802 = {
						CreatedOnToolsVersion = 8.2.1;
						ProvisioningStyle = Automatic;
					};
				};
			};
			buildConfigurationList = C38D26541E1E747400FB6802 /* Build configuration list for PBXProject "fu" */;
			compatibilityVersion = "Xcode 3.2";
			developmentRegion = English;
			hasScannedForEncodings = 0;
			knownRegions = (
				en,
				Base,
			);
			mainGroup = C38D26501E1E747400FB6802;
			productRefGroup = C38D265A1E1E747500FB6802 /* Products */;
			projectDirPath = "";
			projectRoot = "";
			targets = (
				C38D26581E1E747400FB6802 /* fu */,
			);
		};
/* End PBXProject section */

/* Begin PBXResourcesBuildPhase section */
		C38D26571E1E747400FB6802 /* Resources */ = {
			isa = PBXResourcesBuildPhase;
			buildActionMask = 2147483647;
			files = (
				C38D26631E1E747500FB6802 /* Assets.xcassets in Resources */,
				C38D26661E1E747500FB6802 /* MainMenu.xib in Resources */,
			);
			runOnlyForDeploymentPostprocessing = 0;
		};
/* End PBXResourcesBuildPhase section */

/* Begin PBXSourcesBuildPhase section */
		C38D26551E1E747400FB6802 /* Sources */ = {
			isa = PBXSourcesBuildPhase;
			buildActionMask = 2147483647;
			files = (
				C38D26611E1E747500FB6802 /* main.m in Sources */,
				C38D265E1E1E747500FB6802 /* AppDelegate.m in Sources */,
			);
			runOnlyForDeploymentPostprocessing = 0;
		};
/* End PBXSourcesBuildPhase section */

/* Begin PBXVariantGroup section */
		C38D26641E1E747500FB6802 /* MainMenu.xib */ = {
			isa = PBXVariantGroup;
			children = (
				C38D26651E1E747500FB6802 /* Base */,
			);
			name = MainMenu.xib;
			sourceTree = "<group>";
		};
/* End PBXVariantGroup section */

/* Begin XCBuildConfiguration section */
		C38D26681E1E747500FB6802 /* Debug */ = {
			isa = XCBuildConfiguration;
			buildSettings = {
				ALWAYS_SEARCH_USER_PATHS = NO;
				CLANG_ANALYZER_NONNULL = YES;
				CLANG_CXX_LANGUAGE_STANDARD = "gnu++0x";
				CLANG_CXX_LIBRARY = "libc++";
				CLANG_ENABLE_MODULES = YES;
				CLANG_ENABLE_OBJC_ARC = YES;
				CLANG_WARN_BOOL_CONVERSION = YES;
				CLANG_WARN_CONSTANT_CONVERSION = YES;
				CLANG_WARN_DIRECT_OBJC_ISA_USAGE = YES_ERROR;
				CLANG_WARN_DOCUMENTATION_COMMENTS = YES;
				CLANG_WARN_EMPTY_BODY = YES;
				CLANG_WARN_ENUM_CONVERSION = YES;
				CLANG_WARN_INFINITE_RECURSION = YES;
				CLANG_WARN_INT_CONVERSION = YES;
				CLANG_WARN_OBJC_ROOT_CLASS = YES_ERROR;
				CLANG_WARN_SUSPICIOUS_MOVE = YES;
				CLANG_WARN_UNREACHABLE_CODE = YES;
				CLANG_WARN__DUPLICATE_METHOD_MATCH = YES;
				CODE_SIGN_IDENTITY = "-";
				COPY_PHASE_STRIP = NO;
				DEBUG_INFORMATION_FORMAT = dwarf;
				ENABLE_STRICT_OBJC_MSGSEND = YES;
				ENABLE_TESTABILITY = YES;
				GCC_C_LANGUAGE_STANDARD = gnu99;
				GCC_DYNAMIC_NO_PIC = NO;
				GCC_NO_COMMON_BLOCKS = YES;
				GCC_OPTIMIZATION_LEVEL = 0;
				GCC_PREPROCESSOR_DEFINITIONS = (
					"DEBUG=1",
					"$(inherited)",
				);
				GCC_WARN_64_TO_32_BIT_CONVERSION = YES;
				GCC_WARN_ABOUT_RETURN_TYPE = YES_ERROR;
				GCC_WARN_UNDECLARED_SELECTOR = YES;
				GCC_WARN_UNINITIALIZED_AUTOS = YES_AGGRESSIVE;
				GCC_WARN_UNUSED_FUNCTION = YES;
				GCC_WARN_UNUSED_VARIABLE = YES;
				MACOSX_DEPLOYMENT_TARGET = 10.12;
				MTL_ENABLE_DEBUG_INFO = YES;
				ONLY_ACTIVE_ARCH = YES;
				SDKROOT = macosx;
			};
			name = Debug;
		};
		C38D26691E1E747500FB6802 /* Release */ = {
			isa = XCBuildConfiguration;
			buildSettings = {
				ALWAYS_SEARCH_USER_PATHS = NO;
				CLANG_ANALYZER_NONNULL = YES;
				CLANG_CXX_LANGUAGE_STANDARD = "gnu++0x";
				CLANG_CXX_LIBRARY = "libc++";
				CLANG_ENABLE_MODULES = YES;
				CLANG_ENABLE_OBJC_ARC = YES;
				CLANG_WARN_BOOL_CONVERSION = YES;
				CLANG_WARN_CONSTANT_CONVERSION = YES;
				CLANG_WARN_DIRECT_OBJC_ISA_USAGE = YES_ERROR;
				CLANG_WARN_DOCUMENTATION_COMMENTS = YES;
				CLANG_WARN_EMPTY_BODY = YES;
				CLANG_WARN_ENUM_CONVERSION = YES;
				CLANG_WARN_INFINITE_RECURSION = YES;
				CLANG_WARN_INT_CONVERSION = YES;
				CLANG_WARN_OBJC_ROOT_CLASS = YES_ERROR;
				CLANG_WARN_SUSPICIOUS_MOVE = YES;
				CLANG_WARN_UNREACHABLE_CODE = YES;
				CLANG_WARN__DUPLICATE_METHOD_MATCH = YES;
				CODE_SIGN_IDENTITY = "-";
				COPY_PHASE_STRIP = NO;
				DEBUG_INFORMATION_FORMAT = "dwarf-with-dsym";
				ENABLE_NS_ASSERTIONS = NO;
				ENABLE_STRICT_OBJC_MSGSEND = YES;
				GCC_C_LANGUAGE_STANDARD = gnu99;
				GCC_NO_COMMON_BLOCKS = YES;
				GCC_WARN_64_TO_32_BIT_CONVERSION = YES;
				GCC_WARN_ABOUT_RETURN_TYPE = YES_ERROR;
				GCC_WARN_UNDECLARED_SELECTOR = YES;
				GCC_WARN_UNINITIALIZED_AUTOS = YES_AGGRESSIVE;
				GCC_WARN_UNUSED_FUNCTION = YES;
				GCC_WARN_UNUSED_VARIABLE = YES;
				MACOSX_DEPLOYMENT_TARGET = 10.12;
				MTL_ENABLE_DEBUG_INFO = NO;
				SDKROOT = macosx;
			};
			name = Release;
		};
		C38D266B1E1E747500FB6802 /* Debug */ = {
			isa = XCBuildConfiguration;
			buildSettings = {
				ASSETCATALOG_COMPILER_APPICON_NAME = AppIcon;
				COMBINE_HIDPI_IMAGES = YES;
				INFOPLIST_FILE = fu/Info.plist;
				LD_RUNPATH_SEARCH_PATHS = "$(inherited) @executable_path/../Frameworks";
				PRODUCT_BUNDLE_IDENTIFIER = kleshwong.fu;
				PRODUCT_NAME = "$(TARGET_NAME)";
			};
			name = Debug;
		};
		C38D266C1E1E747500FB6802 /* Release */ = {
			isa = XCBuildConfiguration;
			buildSettings = {
				ASSETCATALOG_COMPILER_APPICON_NAME = AppIcon;
				COMBINE_HIDPI_IMAGES = YES;
				INFOPLIST_FILE = fu/Info.plist;
				LD_RUNPATH_SEARCH_PATHS = "$(inherited) @executable_path/../Frameworks";
				PRODUCT_BUNDLE_IDENTIFIER = kleshwong.fu;
				PRODUCT_NAME = "$(TARGET_NAME)";
			};
			name = Release;
		};
/* End XCBuildConfiguration section */

/* Begin XCConfigurationList section */
		C38D26541E1E747400FB6802 /* Build configuration list for PBXProject "fu" */ = {
			isa = XCConfigurationList;
			buildConfigurations = (
				C38D26681E1E747500FB6802 /* Debug */,
				C38D26691E1E747500FB6802 /* Release */,
			);
			defaultConfigurationIsVisible = 0;
			defaultConfigurationName = Release;
		};
		C38D266A1E1E747500FB6802 /* Build configuration list for PBXNativeTarget "fu" */ = {
			isa = XCConfigurationList;
			buildConfigurations = (
				C38D266B1E1E747500FB6802 /* Debug */,
				C38D266C1E1E747500FB6802 /* Release */,
			);
			defaultConfigurationIsVisible = 0;
		};
/* End XCConfigurationList section */
	};
	rootObject = C38D26511E1E747400FB6802 /* Project object */;
}
