// !$*UTF8*$!
{
	archiveVersion = 1;
	classes = {
	};
	objectVersion = 46;
	objects = {

/* Begin PBXBuildFile section */
		C309ACE21E1F23C100CA2138 /* icon.xpm in Resources */ = {isa = PBXBuildFile; fileRef = C309ACE01E1F23C100CA2138 /* icon.xpm */; };
		C309ACE71E1F386000CA2138 /* file.cpp in Sources */ = {isa = PBXBuildFile; fileRef = C309ACE61E1F386000CA2138 /* file.cpp */; };
		C324E68B1E25DEE800AF0080 /* sftpp.cpp in Sources */ = {isa = PBXBuildFile; fileRef = C324E68A1E25DEE800AF0080 /* sftpp.cpp */; };
		C324E68D1E25E78F00AF0080 /* ptc.h in Sources */ = {isa = PBXBuildFile; fileRef = C324E68C1E25E78F00AF0080 /* ptc.h */; };
		C324E68F1E25E7CD00AF0080 /* ptcp.h in Sources */ = {isa = PBXBuildFile; fileRef = C324E68E1E25E7CD00AF0080 /* ptcp.h */; };
		C324E6911E26289B00AF0080 /* ptcf.h in Sources */ = {isa = PBXBuildFile; fileRef = C324E6901E26289B00AF0080 /* ptcf.h */; };
		C325F8CB1E239A4B0094D893 /* converter.cpp in Sources */ = {isa = PBXBuildFile; fileRef = C325F8CA1E239A4B0094D893 /* converter.cpp */; };
		C325F8CD1E239B060094D893 /* format.cpp in Sources */ = {isa = PBXBuildFile; fileRef = C325F8CC1E239B060094D893 /* format.cpp */; };
		C325F8D11E23A2DF0094D893 /* site.cpp in Sources */ = {isa = PBXBuildFile; fileRef = C325F8D01E23A2DF0094D893 /* site.cpp */; };
		C325F8D31E23D6E20094D893 /* sitespanel.cpp in Sources */ = {isa = PBXBuildFile; fileRef = C325F8D21E23D6E20094D893 /* sitespanel.cpp */; };
		C325F8D51E23ED330094D893 /* prefform.cpp in Sources */ = {isa = PBXBuildFile; fileRef = C325F8D41E23ED330094D893 /* prefform.cpp */; };
		C32D48331E31B9D7008C7605 /* browseform.cpp in Sources */ = {isa = PBXBuildFile; fileRef = C32D48321E31B9D7008C7605 /* browseform.cpp */; };
		C34D2CC01E25DA55007EC430 /* sftp.cpp in Sources */ = {isa = PBXBuildFile; fileRef = C34D2CBF1E25DA55007EC430 /* sftp.cpp */; };
		C373EDB01E272F6400C94875 /* sizerhelper.cpp in Sources */ = {isa = PBXBuildFile; fileRef = C373EDAF1E272F6400C94875 /* sizerhelper.cpp */; };
		C38D26631E1E747500FB6802 /* Assets.xcassets in Resources */ = {isa = PBXBuildFile; fileRef = C38D26621E1E747500FB6802 /* Assets.xcassets */; };
		C38D26711E1E7AFB00FB6802 /* main.cpp in Sources */ = {isa = PBXBuildFile; fileRef = C38D26701E1E7AFB00FB6802 /* main.cpp */; };
		C38D267B1E1E832E00FB6802 /* tray.cpp in Sources */ = {isa = PBXBuildFile; fileRef = C38D26781E1E832E00FB6802 /* tray.cpp */; };
		C39340361E30EF8B00D8870F /* history.cpp in Sources */ = {isa = PBXBuildFile; fileRef = C39340351E30EF8B00D8870F /* history.cpp */; };
		C39E51AF1E444965001D86DE /* request.cpp in Sources */ = {isa = PBXBuildFile; fileRef = C39E51AE1E444965001D86DE /* request.cpp */; };
		C39E51B41E447F2E001D86DE /* smms.cpp in Sources */ = {isa = PBXBuildFile; fileRef = C39E51B11E447F2E001D86DE /* smms.cpp */; };
		C39E51B51E447F2E001D86DE /* smmsos.cpp in Sources */ = {isa = PBXBuildFile; fileRef = C39E51B21E447F2E001D86DE /* smmsos.cpp */; };
		C39E51B61E447F2E001D86DE /* smmsp.cpp in Sources */ = {isa = PBXBuildFile; fileRef = C39E51B31E447F2E001D86DE /* smmsp.cpp */; };
		C39E51B81E448D84001D86DE /* icon_uploading.xpm in Resources */ = {isa = PBXBuildFile; fileRef = C39E51B71E448D84001D86DE /* icon_uploading.xpm */; };
		C3B69F5B1E41AD5A00BD1791 /* sftpos.cpp in Sources */ = {isa = PBXBuildFile; fileRef = C3B69F5A1E41AD5A00BD1791 /* sftpos.cpp */; };
		C3B69F5E1E42E8E800BD1791 /* imgur.cpp in Sources */ = {isa = PBXBuildFile; fileRef = C3B69F5D1E42E8E800BD1791 /* imgur.cpp */; };
		C3B69F601E42E8F500BD1791 /* imgurp.cpp in Sources */ = {isa = PBXBuildFile; fileRef = C3B69F5F1E42E8F500BD1791 /* imgurp.cpp */; };
		C3B69F621E42F2C700BD1791 /* imguros.cpp in Sources */ = {isa = PBXBuildFile; fileRef = C3B69F611E42F2C700BD1791 /* imguros.cpp */; };
		C3BD02EF1E21F812004B8CD4 /* clip.cpp in Sources */ = {isa = PBXBuildFile; fileRef = C3BD02EE1E21F812004B8CD4 /* clip.cpp */; };
		C3C66D4A1E2F70EB00782D02 /* uploader.cpp in Sources */ = {isa = PBXBuildFile; fileRef = C3C66D491E2F70EB00782D02 /* uploader.cpp */; };
		C3E2F0B51E49C1200011C183 /* libcurl.4.dylib in Frameworks */ = {isa = PBXBuildFile; fileRef = C3E2F0B41E49C1200011C183 /* libcurl.4.dylib */; };
		C3E4524F1E2DFDA900E06640 /* local.cpp in Sources */ = {isa = PBXBuildFile; fileRef = C3E4524E1E2DFDA900E06640 /* local.cpp */; };
		C3E452511E2DFDB600E06640 /* localp.cpp in Sources */ = {isa = PBXBuildFile; fileRef = C3E452501E2DFDB600E06640 /* localp.cpp */; };
		C3EDAF521E288BAF00BE92AB /* formatspanel.cpp in Sources */ = {isa = PBXBuildFile; fileRef = C3EDAF511E288BAF00BE92AB /* formatspanel.cpp */; };
		C3EDAF541E28988800BE92AB /* preprocpanel.cpp in Sources */ = {isa = PBXBuildFile; fileRef = C3EDAF531E28988800BE92AB /* preprocpanel.cpp */; };
		C3FFC5881E2F134A0054719F /* osx.mm in Sources */ = {isa = PBXBuildFile; fileRef = C3FFC5861E2F134A0054719F /* osx.mm */; };
		C3FFC58A1E2F5C2D0054719F /* func.cpp in Sources */ = {isa = PBXBuildFile; fileRef = C3FFC5891E2F5C2D0054719F /* func.cpp */; };
/* End PBXBuildFile section */

/* Begin PBXFileReference section */
		C309ACE01E1F23C100CA2138 /* icon.xpm */ = {isa = PBXFileReference; fileEncoding = 4; lastKnownFileType = text; path = icon.xpm; sourceTree = "<group>"; };
		C309ACE61E1F386000CA2138 /* file.cpp */ = {isa = PBXFileReference; fileEncoding = 4; lastKnownFileType = sourcecode.cpp.cpp; path = file.cpp; sourceTree = "<group>"; };
		C324E68A1E25DEE800AF0080 /* sftpp.cpp */ = {isa = PBXFileReference; fileEncoding = 4; lastKnownFileType = sourcecode.cpp.cpp; path = sftpp.cpp; sourceTree = "<group>"; };
		C324E68C1E25E78F00AF0080 /* ptc.h */ = {isa = PBXFileReference; fileEncoding = 4; lastKnownFileType = sourcecode.c.h; path = ptc.h; sourceTree = "<group>"; };
		C324E68E1E25E7CD00AF0080 /* ptcp.h */ = {isa = PBXFileReference; fileEncoding = 4; lastKnownFileType = sourcecode.c.h; path = ptcp.h; sourceTree = "<group>"; };
		C324E6901E26289B00AF0080 /* ptcf.h */ = {isa = PBXFileReference; fileEncoding = 4; lastKnownFileType = sourcecode.c.h; path = ptcf.h; sourceTree = "<group>"; };
		C325F8CA1E239A4B0094D893 /* converter.cpp */ = {isa = PBXFileReference; fileEncoding = 4; lastKnownFileType = sourcecode.cpp.cpp; path = converter.cpp; sourceTree = "<group>"; };
		C325F8CC1E239B060094D893 /* format.cpp */ = {isa = PBXFileReference; fileEncoding = 4; lastKnownFileType = sourcecode.cpp.cpp; path = format.cpp; sourceTree = "<group>"; };
		C325F8D01E23A2DF0094D893 /* site.cpp */ = {isa = PBXFileReference; fileEncoding = 4; lastKnownFileType = sourcecode.cpp.cpp; path = site.cpp; sourceTree = "<group>"; };
		C325F8D21E23D6E20094D893 /* sitespanel.cpp */ = {isa = PBXFileReference; fileEncoding = 4; lastKnownFileType = sourcecode.cpp.cpp; path = sitespanel.cpp; sourceTree = "<group>"; };
		C325F8D41E23ED330094D893 /* prefform.cpp */ = {isa = PBXFileReference; fileEncoding = 4; lastKnownFileType = sourcecode.cpp.cpp; path = prefform.cpp; sourceTree = "<group>"; };
		C32D48321E31B9D7008C7605 /* browseform.cpp */ = {isa = PBXFileReference; fileEncoding = 4; lastKnownFileType = sourcecode.cpp.cpp; path = browseform.cpp; sourceTree = "<group>"; };
		C3366B911E1FEC4C005F2100 /* config.cpp */ = {isa = PBXFileReference; fileEncoding = 4; lastKnownFileType = sourcecode.cpp.cpp; path = config.cpp; sourceTree = "<group>"; };
		C34D2CBF1E25DA55007EC430 /* sftp.cpp */ = {isa = PBXFileReference; fileEncoding = 4; lastKnownFileType = sourcecode.cpp.cpp; name = sftp.cpp; path = fu/src/protocols/sftp/sftp.cpp; sourceTree = SOURCE_ROOT; };
		C373EDAF1E272F6400C94875 /* sizerhelper.cpp */ = {isa = PBXFileReference; fileEncoding = 4; lastKnownFileType = sourcecode.cpp.cpp; path = sizerhelper.cpp; sourceTree = "<group>"; };
		C38D26591E1E747500FB6802 /* fu.app */ = {isa = PBXFileReference; explicitFileType = wrapper.application; includeInIndex = 0; path = fu.app; sourceTree = BUILT_PRODUCTS_DIR; };
		C38D26621E1E747500FB6802 /* Assets.xcassets */ = {isa = PBXFileReference; lastKnownFileType = folder.assetcatalog; path = Assets.xcassets; sourceTree = "<group>"; };
		C38D26671E1E747500FB6802 /* Info.plist */ = {isa = PBXFileReference; lastKnownFileType = text.plist.xml; path = Info.plist; sourceTree = "<group>"; };
		C38D26701E1E7AFB00FB6802 /* main.cpp */ = {isa = PBXFileReference; fileEncoding = 4; lastKnownFileType = sourcecode.cpp.cpp; path = main.cpp; sourceTree = "<group>"; };
		C38D26781E1E832E00FB6802 /* tray.cpp */ = {isa = PBXFileReference; fileEncoding = 4; lastKnownFileType = sourcecode.cpp.cpp; path = tray.cpp; sourceTree = "<group>"; };
		C39340351E30EF8B00D8870F /* history.cpp */ = {isa = PBXFileReference; fileEncoding = 4; lastKnownFileType = sourcecode.cpp.cpp; path = history.cpp; sourceTree = "<group>"; };
		C39E51AE1E444965001D86DE /* request.cpp */ = {isa = PBXFileReference; fileEncoding = 4; lastKnownFileType = sourcecode.cpp.cpp; path = request.cpp; sourceTree = "<group>"; };
		C39E51B11E447F2E001D86DE /* smms.cpp */ = {isa = PBXFileReference; fileEncoding = 4; lastKnownFileType = sourcecode.cpp.cpp; path = smms.cpp; sourceTree = "<group>"; };
		C39E51B21E447F2E001D86DE /* smmsos.cpp */ = {isa = PBXFileReference; fileEncoding = 4; lastKnownFileType = sourcecode.cpp.cpp; path = smmsos.cpp; sourceTree = "<group>"; };
		C39E51B31E447F2E001D86DE /* smmsp.cpp */ = {isa = PBXFileReference; fileEncoding = 4; lastKnownFileType = sourcecode.cpp.cpp; path = smmsp.cpp; sourceTree = "<group>"; };
		C39E51B71E448D84001D86DE /* icon_uploading.xpm */ = {isa = PBXFileReference; fileEncoding = 4; lastKnownFileType = text; path = icon_uploading.xpm; sourceTree = "<group>"; };
		C3B69F5A1E41AD5A00BD1791 /* sftpos.cpp */ = {isa = PBXFileReference; fileEncoding = 4; lastKnownFileType = sourcecode.cpp.cpp; path = sftpos.cpp; sourceTree = "<group>"; };
		C3B69F5D1E42E8E800BD1791 /* imgur.cpp */ = {isa = PBXFileReference; fileEncoding = 4; lastKnownFileType = sourcecode.cpp.cpp; path = imgur.cpp; sourceTree = "<group>"; };
		C3B69F5F1E42E8F500BD1791 /* imgurp.cpp */ = {isa = PBXFileReference; fileEncoding = 4; lastKnownFileType = sourcecode.cpp.cpp; path = imgurp.cpp; sourceTree = "<group>"; };
		C3B69F611E42F2C700BD1791 /* imguros.cpp */ = {isa = PBXFileReference; fileEncoding = 4; lastKnownFileType = sourcecode.cpp.cpp; path = imguros.cpp; sourceTree = "<group>"; };
		C3BD02EE1E21F812004B8CD4 /* clip.cpp */ = {isa = PBXFileReference; fileEncoding = 4; lastKnownFileType = sourcecode.cpp.cpp; path = clip.cpp; sourceTree = "<group>"; };
		C3C66D491E2F70EB00782D02 /* uploader.cpp */ = {isa = PBXFileReference; fileEncoding = 4; lastKnownFileType = sourcecode.cpp.cpp; path = uploader.cpp; sourceTree = "<group>"; };
		C3E2F0B41E49C1200011C183 /* libcurl.4.dylib */ = {isa = PBXFileReference; lastKnownFileType = "compiled.mach-o.dylib"; name = libcurl.4.dylib; path = ../../../../../usr/local/Cellar/curl/7.52.1/lib/libcurl.4.dylib; sourceTree = "<group>"; };
		C3E4524E1E2DFDA900E06640 /* local.cpp */ = {isa = PBXFileReference; fileEncoding = 4; lastKnownFileType = sourcecode.cpp.cpp; path = local.cpp; sourceTree = "<group>"; };
		C3E452501E2DFDB600E06640 /* localp.cpp */ = {isa = PBXFileReference; fileEncoding = 4; lastKnownFileType = sourcecode.cpp.cpp; path = localp.cpp; sourceTree = "<group>"; };
		C3EDAF511E288BAF00BE92AB /* formatspanel.cpp */ = {isa = PBXFileReference; fileEncoding = 4; lastKnownFileType = sourcecode.cpp.cpp; path = formatspanel.cpp; sourceTree = "<group>"; };
		C3EDAF531E28988800BE92AB /* preprocpanel.cpp */ = {isa = PBXFileReference; fileEncoding = 4; lastKnownFileType = sourcecode.cpp.cpp; path = preprocpanel.cpp; sourceTree = "<group>"; };
		C3FFC5861E2F134A0054719F /* osx.mm */ = {isa = PBXFileReference; fileEncoding = 4; lastKnownFileType = sourcecode.cpp.objcpp; path = osx.mm; sourceTree = "<group>"; };
		C3FFC5871E2F134A0054719F /* os.h */ = {isa = PBXFileReference; fileEncoding = 4; lastKnownFileType = sourcecode.c.h; path = os.h; sourceTree = "<group>"; };
		C3FFC5891E2F5C2D0054719F /* func.cpp */ = {isa = PBXFileReference; fileEncoding = 4; lastKnownFileType = sourcecode.cpp.cpp; path = func.cpp; sourceTree = "<group>"; };
/* End PBXFileReference section */

/* Begin PBXFrameworksBuildPhase section */
		C38D26561E1E747400FB6802 /* Frameworks */ = {
			isa = PBXFrameworksBuildPhase;
			buildActionMask = 2147483647;
			files = (
				C3E2F0B51E49C1200011C183 /* libcurl.4.dylib in Frameworks */,
			);
			runOnlyForDeploymentPostprocessing = 0;
		};
/* End PBXFrameworksBuildPhase section */

/* Begin PBXGroup section */
		C324E6891E25DE7200AF0080 /* sftp */ = {
			isa = PBXGroup;
			children = (
				C34D2CBF1E25DA55007EC430 /* sftp.cpp */,
				C324E68A1E25DEE800AF0080 /* sftpp.cpp */,
				C3B69F5A1E41AD5A00BD1791 /* sftpos.cpp */,
			);
			path = sftp;
			sourceTree = "<group>";
		};
		C34D2CBE1E25D9A9007EC430 /* protocols */ = {
			isa = PBXGroup;
			children = (
				C39E51B01E447F2E001D86DE /* smms */,
				C3B69F5C1E42E8D300BD1791 /* imgur */,
				C3E4524D1E2DFD9800E06640 /* local */,
				C324E6891E25DE7200AF0080 /* sftp */,
				C324E68C1E25E78F00AF0080 /* ptc.h */,
				C324E68E1E25E7CD00AF0080 /* ptcp.h */,
				C324E6901E26289B00AF0080 /* ptcf.h */,
				C39E51AE1E444965001D86DE /* request.cpp */,
			);
			path = protocols;
			sourceTree = "<group>";
		};
		C38D26501E1E747400FB6802 = {
			isa = PBXGroup;
			children = (
				C38D265B1E1E747500FB6802 /* fu */,
				C38D265A1E1E747500FB6802 /* Products */,
				C3FE19671E40D832009D1F9B /* Frameworks */,
			);
			sourceTree = "<group>";
		};
		C38D265A1E1E747500FB6802 /* Products */ = {
			isa = PBXGroup;
			children = (
				C38D26591E1E747500FB6802 /* fu.app */,
			);
			name = Products;
			sourceTree = "<group>";
		};
		C38D265B1E1E747500FB6802 /* fu */ = {
			isa = PBXGroup;
			children = (
				C38D266F1E1E7AEE00FB6802 /* src */,
				C38D26621E1E747500FB6802 /* Assets.xcassets */,
				C38D26671E1E747500FB6802 /* Info.plist */,
			);
			path = fu;
			sourceTree = "<group>";
		};
		C38D266F1E1E7AEE00FB6802 /* src */ = {
			isa = PBXGroup;
			children = (
				C3FFC5851E2F13380054719F /* os */,
				C34D2CBE1E25D9A9007EC430 /* protocols */,
				C38D26741E1E832E00FB6802 /* core */,
				C38D26751E1E832E00FB6802 /* ui */,
				C38D26701E1E7AFB00FB6802 /* main.cpp */,
			);
			path = src;
			sourceTree = "<group>";
		};
		C38D26741E1E832E00FB6802 /* core */ = {
			isa = PBXGroup;
			children = (
				C3C66D491E2F70EB00782D02 /* uploader.cpp */,
				C325F8CC1E239B060094D893 /* format.cpp */,
				C309ACE61E1F386000CA2138 /* file.cpp */,
				C3366B911E1FEC4C005F2100 /* config.cpp */,
				C3BD02EE1E21F812004B8CD4 /* clip.cpp */,
				C325F8CA1E239A4B0094D893 /* converter.cpp */,
				C325F8D01E23A2DF0094D893 /* site.cpp */,
				C3FFC5891E2F5C2D0054719F /* func.cpp */,
				C39340351E30EF8B00D8870F /* history.cpp */,
			);
			path = core;
			sourceTree = "<group>";
		};
		C38D26751E1E832E00FB6802 /* ui */ = {
			isa = PBXGroup;
			children = (
				C39E51B71E448D84001D86DE /* icon_uploading.xpm */,
				C309ACE01E1F23C100CA2138 /* icon.xpm */,
				C38D26781E1E832E00FB6802 /* tray.cpp */,
				C325F8D21E23D6E20094D893 /* sitespanel.cpp */,
				C325F8D41E23ED330094D893 /* prefform.cpp */,
				C373EDAF1E272F6400C94875 /* sizerhelper.cpp */,
				C3EDAF511E288BAF00BE92AB /* formatspanel.cpp */,
				C3EDAF531E28988800BE92AB /* preprocpanel.cpp */,
				C32D48321E31B9D7008C7605 /* browseform.cpp */,
			);
			path = ui;
			sourceTree = "<group>";
		};
		C39E51B01E447F2E001D86DE /* smms */ = {
			isa = PBXGroup;
			children = (
				C39E51B11E447F2E001D86DE /* smms.cpp */,
				C39E51B21E447F2E001D86DE /* smmsos.cpp */,
				C39E51B31E447F2E001D86DE /* smmsp.cpp */,
			);
			path = smms;
			sourceTree = "<group>";
		};
		C3B69F5C1E42E8D300BD1791 /* imgur */ = {
			isa = PBXGroup;
			children = (
				C3B69F5D1E42E8E800BD1791 /* imgur.cpp */,
				C3B69F5F1E42E8F500BD1791 /* imgurp.cpp */,
				C3B69F611E42F2C700BD1791 /* imguros.cpp */,
			);
			path = imgur;
			sourceTree = "<group>";
		};
		C3E4524D1E2DFD9800E06640 /* local */ = {
			isa = PBXGroup;
			children = (
				C3E4524E1E2DFDA900E06640 /* local.cpp */,
				C3E452501E2DFDB600E06640 /* localp.cpp */,
			);
			path = local;
			sourceTree = "<group>";
		};
		C3FE19671E40D832009D1F9B /* Frameworks */ = {
			isa = PBXGroup;
			children = (
				C3E2F0B41E49C1200011C183 /* libcurl.4.dylib */,
			);
			name = Frameworks;
			sourceTree = "<group>";
		};
		C3FFC5851E2F13380054719F /* os */ = {
			isa = PBXGroup;
			children = (
				C3FFC5861E2F134A0054719F /* osx.mm */,
				C3FFC5871E2F134A0054719F /* os.h */,
			);
			path = os;
			sourceTree = "<group>";
		};
/* End PBXGroup section */

/* Begin PBXNativeTarget section */
		C38D26581E1E747400FB6802 /* fu */ = {
			isa = PBXNativeTarget;
			buildConfigurationList = C38D266A1E1E747500FB6802 /* Build configuration list for PBXNativeTarget "fu" */;
			buildPhases = (
				C38D26551E1E747400FB6802 /* Sources */,
				C38D26561E1E747400FB6802 /* Frameworks */,
				C38D26571E1E747400FB6802 /* Resources */,
			);
			buildRules = (
			);
			dependencies = (
			);
			name = fu;
			productName = fu;
			productReference = C38D26591E1E747500FB6802 /* fu.app */;
			productType = "com.apple.product-type.application";
		};
/* End PBXNativeTarget section */

/* Begin PBXProject section */
		C38D26511E1E747400FB6802 /* Project object */ = {
			isa = PBXProject;
			attributes = {
				LastUpgradeCheck = 0820;
				ORGANIZATIONNAME = "Klesh Wong";
				TargetAttributes = {
					C38D26581E1E747400FB6802 = {
						CreatedOnToolsVersion = 8.2.1;
						ProvisioningStyle = Automatic;
					};
				};
			};
			buildConfigurationList = C38D26541E1E747400FB6802 /* Build configuration list for PBXProject "fu" */;
			compatibilityVersion = "Xcode 3.2";
			developmentRegion = English;
			hasScannedForEncodings = 0;
			knownRegions = (
				en,
				Base,
			);
			mainGroup = C38D26501E1E747400FB6802;
			productRefGroup = C38D265A1E1E747500FB6802 /* Products */;
			projectDirPath = "";
			projectRoot = "";
			targets = (
				C38D26581E1E747400FB6802 /* fu */,
			);
		};
/* End PBXProject section */

/* Begin PBXResourcesBuildPhase section */
		C38D26571E1E747400FB6802 /* Resources */ = {
			isa = PBXResourcesBuildPhase;
			buildActionMask = 2147483647;
			files = (
				C309ACE21E1F23C100CA2138 /* icon.xpm in Resources */,
				C39E51B81E448D84001D86DE /* icon_uploading.xpm in Resources */,
				C38D26631E1E747500FB6802 /* Assets.xcassets in Resources */,
			);
			runOnlyForDeploymentPostprocessing = 0;
		};
/* End PBXResourcesBuildPhase section */

/* Begin PBXSourcesBuildPhase section */
		C38D26551E1E747400FB6802 /* Sources */ = {
			isa = PBXSourcesBuildPhase;
			buildActionMask = 2147483647;
			files = (
				C325F8CD1E239B060094D893 /* format.cpp in Sources */,
				C3B69F621E42F2C700BD1791 /* imguros.cpp in Sources */,
				C34D2CC01E25DA55007EC430 /* sftp.cpp in Sources */,
				C325F8D11E23A2DF0094D893 /* site.cpp in Sources */,
				C309ACE71E1F386000CA2138 /* file.cpp in Sources */,
				C3B69F601E42E8F500BD1791 /* imgurp.cpp in Sources */,
				C325F8D31E23D6E20094D893 /* sitespanel.cpp in Sources */,
				C32D48331E31B9D7008C7605 /* browseform.cpp in Sources */,
				C373EDB01E272F6400C94875 /* sizerhelper.cpp in Sources */,
				C3FFC58A1E2F5C2D0054719F /* func.cpp in Sources */,
				C3EDAF521E288BAF00BE92AB /* formatspanel.cpp in Sources */,
				C3EDAF541E28988800BE92AB /* preprocpanel.cpp in Sources */,
				C38D26711E1E7AFB00FB6802 /* main.cpp in Sources */,
				C324E68D1E25E78F00AF0080 /* ptc.h in Sources */,
				C38D267B1E1E832E00FB6802 /* tray.cpp in Sources */,
				C39E51B61E447F2E001D86DE /* smmsp.cpp in Sources */,
				C324E68B1E25DEE800AF0080 /* sftpp.cpp in Sources */,
				C325F8D51E23ED330094D893 /* prefform.cpp in Sources */,
				C325F8CB1E239A4B0094D893 /* converter.cpp in Sources */,
				C3E4524F1E2DFDA900E06640 /* local.cpp in Sources */,
				C39E51B51E447F2E001D86DE /* smmsos.cpp in Sources */,
				C3B69F5B1E41AD5A00BD1791 /* sftpos.cpp in Sources */,
				C3FFC5881E2F134A0054719F /* osx.mm in Sources */,
				C324E68F1E25E7CD00AF0080 /* ptcp.h in Sources */,
				C3B69F5E1E42E8E800BD1791 /* imgur.cpp in Sources */,
				C39340361E30EF8B00D8870F /* history.cpp in Sources */,
				C3BD02EF1E21F812004B8CD4 /* clip.cpp in Sources */,
				C324E6911E26289B00AF0080 /* ptcf.h in Sources */,
				C39E51B41E447F2E001D86DE /* smms.cpp in Sources */,
				C3E452511E2DFDB600E06640 /* localp.cpp in Sources */,
				C3C66D4A1E2F70EB00782D02 /* uploader.cpp in Sources */,
				C39E51AF1E444965001D86DE /* request.cpp in Sources */,
			);
			runOnlyForDeploymentPostprocessing = 0;
		};
/* End PBXSourcesBuildPhase section */

/* Begin XCBuildConfiguration section */
		C38D26681E1E747500FB6802 /* Debug */ = {
			isa = XCBuildConfiguration;
			buildSettings = {
				ALWAYS_SEARCH_USER_PATHS = NO;
				CLANG_ANALYZER_NONNULL = YES;
				CLANG_CXX_LANGUAGE_STANDARD = "gnu++0x";
				CLANG_CXX_LIBRARY = "libc++";
				CLANG_ENABLE_MODULES = YES;
				CLANG_ENABLE_OBJC_ARC = YES;
				CLANG_WARN_BOOL_CONVERSION = YES;
				CLANG_WARN_CONSTANT_CONVERSION = YES;
				CLANG_WARN_DIRECT_OBJC_ISA_USAGE = YES_ERROR;
				CLANG_WARN_DOCUMENTATION_COMMENTS = YES;
				CLANG_WARN_EMPTY_BODY = YES;
				CLANG_WARN_ENUM_CONVERSION = YES;
				CLANG_WARN_INFINITE_RECURSION = YES;
				CLANG_WARN_INT_CONVERSION = YES;
				CLANG_WARN_OBJC_ROOT_CLASS = YES_ERROR;
				CLANG_WARN_SUSPICIOUS_MOVE = YES;
				CLANG_WARN_UNREACHABLE_CODE = YES;
				CLANG_WARN__DUPLICATE_METHOD_MATCH = YES;
				CODE_SIGN_IDENTITY = "-";
				COPY_PHASE_STRIP = NO;
				DEBUG_INFORMATION_FORMAT = dwarf;
				ENABLE_STRICT_OBJC_MSGSEND = YES;
				ENABLE_TESTABILITY = YES;
				GCC_C_LANGUAGE_STANDARD = gnu99;
				GCC_DYNAMIC_NO_PIC = NO;
				GCC_NO_COMMON_BLOCKS = YES;
				GCC_OPTIMIZATION_LEVEL = 0;
				GCC_PREPROCESSOR_DEFINITIONS = (
					"DEBUG=1",
					"$(inherited)",
				);
				GCC_WARN_64_TO_32_BIT_CONVERSION = YES;
				GCC_WARN_ABOUT_RETURN_TYPE = YES_ERROR;
				GCC_WARN_UNDECLARED_SELECTOR = YES;
				GCC_WARN_UNINITIALIZED_AUTOS = YES_AGGRESSIVE;
				GCC_WARN_UNUSED_FUNCTION = YES;
				GCC_WARN_UNUSED_VARIABLE = YES;
				HEADER_SEARCH_PATHS = /usr/local/include;
				MACOSX_DEPLOYMENT_TARGET = 10.7;
				MTL_ENABLE_DEBUG_INFO = YES;
				ONLY_ACTIVE_ARCH = YES;
				SDKROOT = macosx;
			};
			name = Debug;
		};
		C38D26691E1E747500FB6802 /* Release */ = {
			isa = XCBuildConfiguration;
			buildSettings = {
				ALWAYS_SEARCH_USER_PATHS = NO;
				CLANG_ANALYZER_NONNULL = YES;
				CLANG_CXX_LANGUAGE_STANDARD = "gnu++0x";
				CLANG_CXX_LIBRARY = "libc++";
				CLANG_ENABLE_MODULES = YES;
				CLANG_ENABLE_OBJC_ARC = YES;
				CLANG_WARN_BOOL_CONVERSION = YES;
				CLANG_WARN_CONSTANT_CONVERSION = YES;
				CLANG_WARN_DIRECT_OBJC_ISA_USAGE = YES_ERROR;
				CLANG_WARN_DOCUMENTATION_COMMENTS = YES;
				CLANG_WARN_EMPTY_BODY = YES;
				CLANG_WARN_ENUM_CONVERSION = YES;
				CLANG_WARN_INFINITE_RECURSION = YES;
				CLANG_WARN_INT_CONVERSION = YES;
				CLANG_WARN_OBJC_ROOT_CLASS = YES_ERROR;
				CLANG_WARN_SUSPICIOUS_MOVE = YES;
				CLANG_WARN_UNREACHABLE_CODE = YES;
				CLANG_WARN__DUPLICATE_METHOD_MATCH = YES;
				CODE_SIGN_IDENTITY = "-";
				COPY_PHASE_STRIP = NO;
				DEBUG_INFORMATION_FORMAT = "dwarf-with-dsym";
				ENABLE_NS_ASSERTIONS = NO;
				ENABLE_STRICT_OBJC_MSGSEND = YES;
				GCC_C_LANGUAGE_STANDARD = gnu99;
				GCC_NO_COMMON_BLOCKS = YES;
				GCC_WARN_64_TO_32_BIT_CONVERSION = YES;
				GCC_WARN_ABOUT_RETURN_TYPE = YES_ERROR;
				GCC_WARN_UNDECLARED_SELECTOR = YES;
				GCC_WARN_UNINITIALIZED_AUTOS = YES_AGGRESSIVE;
				GCC_WARN_UNUSED_FUNCTION = YES;
				GCC_WARN_UNUSED_VARIABLE = YES;
				HEADER_SEARCH_PATHS = /usr/local/include;
				MACOSX_DEPLOYMENT_TARGET = 10.7;
				MTL_ENABLE_DEBUG_INFO = NO;
				SDKROOT = macosx;
			};
			name = Release;
		};
		C38D266B1E1E747500FB6802 /* Debug */ = {
			isa = XCBuildConfiguration;
			buildSettings = {
				ASSETCATALOG_COMPILER_APPICON_NAME = AppIcon;
				COMBINE_HIDPI_IMAGES = YES;
				INFOPLIST_FILE = fu/Info.plist;
				LD_RUNPATH_SEARCH_PATHS = "$(inherited) @executable_path/../Frameworks";
				LIBRARY_SEARCH_PATHS = (
					"$(inherited)",
					/usr/local/Cellar/libssh/0.7.3/lib,
					/usr/local/Cellar/curl/7.51.0/lib,
					/usr/local/Cellar/wxmac/3.0.2_4/lib,
					/usr/local/Cellar/curl/7.52.1/lib,
				);
				MACOSX_DEPLOYMENT_TARGET = 10.7;
				OTHER_CPLUSPLUSFLAGS = (
					"-I/usr/local/lib/wx/include/osx_cocoa-unicode-static-3.0",
					"-I/usr/local/include/wx-3.0",
					"-D_FILE_OFFSET_BITS=64",
					"-D__WXMAC__",
					"-D__WXOSX__",
					"-D__WXOSX_COCOA__",
				);
				OTHER_LDFLAGS = (
					"-L/usr/local/lib",
					"-framework",
					IOKit,
					"-framework",
					Carbon,
					"-framework",
					Cocoa,
					"-framework",
					AudioToolbox,
					"-framework",
					System,
					"-framework",
					OpenGL,
					"/usr/local/lib/libwx_osx_cocoau_xrc-3.0.a",
					"/usr/local/lib/libwx_osx_cocoau_webview-3.0.a",
					"/usr/local/lib/libwx_osx_cocoau_qa-3.0.a",
					"/usr/local/lib/libwx_baseu_net-3.0.a",
					"/usr/local/lib/libwx_osx_cocoau_html-3.0.a",
					"/usr/local/lib/libwx_osx_cocoau_adv-3.0.a",
					"/usr/local/lib/libwx_osx_cocoau_core-3.0.a",
					"/usr/local/lib/libwx_baseu_xml-3.0.a",
					"/usr/local/lib/libwx_baseu-3.0.a",
					"-lpng",
					"-ljpeg",
					"-ltiff",
					"-framework",
					WebKit,
					"-lexpat",
					"-lwxregexu-3.0",
					"-lz",
					"-lpthread",
					"-liconv",
				);
				PRODUCT_BUNDLE_IDENTIFIER = kleshwong.fu;
				PRODUCT_NAME = "$(TARGET_NAME)";
			};
			name = Debug;
		};
		C38D266C1E1E747500FB6802 /* Release */ = {
			isa = XCBuildConfiguration;
			buildSettings = {
				ASSETCATALOG_COMPILER_APPICON_NAME = AppIcon;
				COMBINE_HIDPI_IMAGES = YES;
				INFOPLIST_FILE = fu/Info.plist;
				LD_RUNPATH_SEARCH_PATHS = "$(inherited) @executable_path/../Frameworks";
				LIBRARY_SEARCH_PATHS = (
					"$(inherited)",
					/usr/local/Cellar/libssh/0.7.3/lib,
					/usr/local/Cellar/curl/7.51.0/lib,
					/usr/local/Cellar/wxmac/3.0.2_4/lib,
					/usr/local/Cellar/curl/7.52.1/lib,
				);
				MACOSX_DEPLOYMENT_TARGET = 10.7;
				OTHER_CPLUSPLUSFLAGS = (
					"-I/usr/local/lib/wx/include/osx_cocoa-unicode-static-3.0",
					"-I/usr/local/include/wx-3.0",
					"-D_FILE_OFFSET_BITS=64",
					"-D__WXMAC__",
					"-D__WXOSX__",
					"-D__WXOSX_COCOA__",
				);
				OTHER_LDFLAGS = (
					"-L/usr/local/lib",
					"-framework",
					IOKit,
					"-framework",
					Carbon,
					"-framework",
					Cocoa,
					"-framework",
					AudioToolbox,
					"-framework",
					System,
					"-framework",
					OpenGL,
					"/usr/local/lib/libwx_osx_cocoau_xrc-3.0.a",
					"/usr/local/lib/libwx_osx_cocoau_webview-3.0.a",
					"/usr/local/lib/libwx_osx_cocoau_qa-3.0.a",
					"/usr/local/lib/libwx_baseu_net-3.0.a",
					"/usr/local/lib/libwx_osx_cocoau_html-3.0.a",
					"/usr/local/lib/libwx_osx_cocoau_adv-3.0.a",
					"/usr/local/lib/libwx_osx_cocoau_core-3.0.a",
					"/usr/local/lib/libwx_baseu_xml-3.0.a",
					"/usr/local/lib/libwx_baseu-3.0.a",
					"-lpng",
					"-ljpeg",
					"-ltiff",
					"-framework",
					WebKit,
					"-lexpat",
					"-lwxregexu-3.0",
					"-lz",
					"-lpthread",
					"-liconv",
				);
				PRODUCT_BUNDLE_IDENTIFIER = kleshwong.fu;
				PRODUCT_NAME = "$(TARGET_NAME)";
			};
			name = Release;
		};
/* End XCBuildConfiguration section */

/* Begin XCConfigurationList section */
		C38D26541E1E747400FB6802 /* Build configuration list for PBXProject "fu" */ = {
			isa = XCConfigurationList;
			buildConfigurations = (
				C38D26681E1E747500FB6802 /* Debug */,
				C38D26691E1E747500FB6802 /* Release */,
			);
			defaultConfigurationIsVisible = 0;
			defaultConfigurationName = Release;
		};
		C38D266A1E1E747500FB6802 /* Build configuration list for PBXNativeTarget "fu" */ = {
			isa = XCConfigurationList;
			buildConfigurations = (
				C38D266B1E1E747500FB6802 /* Debug */,
				C38D266C1E1E747500FB6802 /* Release */,
			);
			defaultConfigurationIsVisible = 0;
			defaultConfigurationName = Release;
		};
/* End XCConfigurationList section */
	};
	rootObject = C38D26511E1E747400FB6802 /* Project object */;
}
